
Microsoft Visual Studio Solution File, Format Version 12.00
# Visual Studio Version 16
VisualStudioVersion = 16.0.31911.196
MinimumVisualStudioVersion = 10.0.40219.1
Project("{FAE04EC0-301F-11D3-BF4B-00C04F79EFBC}") = "Bank", "MyBank\Bank.csproj", "{4AE79D25-D860-4926-8FDF-F519AAA0DBF7}"
EndProject
Project("{FAE04EC0-301F-11D3-BF4B-00C04F79EFBC}") = "BankTests", "BankAccountTests\BankTests.csproj", "{D0C30F43-04B0-4186-A020-3B28979A6C9E}"
EndProject
Global
	GlobalSection(SolutionConfigurationPlatforms) = preSolution
		Debug|Any CPU = Debug|Any CPU
		Release|Any CPU = Release|Any CPU
	EndGlobalSection
	GlobalSection(ProjectConfigurationPlatforms) = postSolution
		{4AE79D25-D860-4926-8FDF-F519AAA0DBF7}.Debug|Any CPU.ActiveCfg = Debug|Any CPU
		{4AE79D25-D860-4926-8FDF-F519AAA0DBF7}.Debug|Any CPU.Build.0 = Debug|Any CPU
		{4AE79D25-D860-4926-8FDF-F519AAA0DBF7}.Release|Any CPU.ActiveCfg = Release|Any CPU
		{4AE79D25-D860-4926-8FDF-F519AAA0DBF7}.Release|Any CPU.Build.0 = Release|Any CPU
		{D0C30F43-04B0-4186-A020-3B28979A6C9E}.Debug|Any CPU.ActiveCfg = Debug|Any CPU
		{D0C30F43-04B0-4186-A020-3B28979A6C9E}.Debug|Any CPU.Build.0 = Debug|Any CPU
		{D0C30F43-04B0-4186-A020-3B28979A6C9E}.Release|Any CPU.ActiveCfg = Release|Any CPU
		{D0C30F43-04B0-4186-A020-3B28979A6C9E}.Release|Any CPU.Build.0 = Release|Any CPU
	EndGlobalSection
	GlobalSection(SolutionProperties) = preSolution
		HideSolutionNode = FALSE
	EndGlobalSection
	GlobalSection(ExtensibilityGlobals) = postSolution
		SolutionGuid = {5701FECF-7512-486B-96CA-6FDE111B6410}
	EndGlobalSection
EndGlobal
